// !$*UTF8*$!
{
	archiveVersion = 1;
	classes = {
	};
	objectVersion = 52;
	objects = {

/* Begin PBXBuildFile section */
		13FCC3E4357F39E49D8189C0 /* Pods_memedex.framework in Frameworks */ = {isa = PBXBuildFile; fileRef = 58E6254CF7366FE89AC4939C /* Pods_memedex.framework */; };
		BD13220F24785DC1007EB9AF /* URL4Meme.swift in Sources */ = {isa = PBXBuildFile; fileRef = BD13220E24785DC1007EB9AF /* URL4Meme.swift */; };
		BD132211247DDEE2007EB9AF /* SignUpViewController.swift in Sources */ = {isa = PBXBuildFile; fileRef = BD132210247DDEE2007EB9AF /* SignUpViewController.swift */; };
		BD13221324818FEA007EB9AF /* ImageZoomView.swift in Sources */ = {isa = PBXBuildFile; fileRef = BD13221224818FEA007EB9AF /* ImageZoomView.swift */; };
		BD220CE123F4B25800D93CBE /* AppDelegate.swift in Sources */ = {isa = PBXBuildFile; fileRef = BD220CE023F4B25800D93CBE /* AppDelegate.swift */; };
		BD220CE623F4B25800D93CBE /* memedex.xcdatamodeld in Sources */ = {isa = PBXBuildFile; fileRef = BD220CE423F4B25800D93CBE /* memedex.xcdatamodeld */; };
		BD220CEA23F4B25A00D93CBE /* Assets.xcassets in Resources */ = {isa = PBXBuildFile; fileRef = BD220CE923F4B25A00D93CBE /* Assets.xcassets */; };
		BD220CED23F4B25A00D93CBE /* Preview Assets.xcassets in Resources */ = {isa = PBXBuildFile; fileRef = BD220CEC23F4B25A00D93CBE /* Preview Assets.xcassets */; };
		BD220CF823F4B3A200D93CBE /* ViewController.swift in Sources */ = {isa = PBXBuildFile; fileRef = BD220CF723F4B3A200D93CBE /* ViewController.swift */; };
		BD25D751243FBDD8002A03BF /* VerificationViewController.swift in Sources */ = {isa = PBXBuildFile; fileRef = BD25D750243FBDD8002A03BF /* VerificationViewController.swift */; };
		BD25D7862440C344002A03BF /* SFUIDisplay-Light.ttf in Resources */ = {isa = PBXBuildFile; fileRef = BD25D7532440C342002A03BF /* SFUIDisplay-Light.ttf */; };
		BD25D7872440C344002A03BF /* SFUIDisplay-Ultralight.ttf in Resources */ = {isa = PBXBuildFile; fileRef = BD25D7542440C342002A03BF /* SFUIDisplay-Ultralight.ttf */; };
		BD25D7882440C344002A03BF /* SFUIText-Medium.ttf in Resources */ = {isa = PBXBuildFile; fileRef = BD25D7552440C342002A03BF /* SFUIText-Medium.ttf */; };
		BD25D7892440C344002A03BF /* SFUIDisplay-Regular.ttf in Resources */ = {isa = PBXBuildFile; fileRef = BD25D7562440C342002A03BF /* SFUIDisplay-Regular.ttf */; };
		BD25D78A2440C344002A03BF /* SFUIText-Semibold.ttf in Resources */ = {isa = PBXBuildFile; fileRef = BD25D7572440C342002A03BF /* SFUIText-Semibold.ttf */; };
		BD25D78B2440C344002A03BF /* SF-Pro-Display-UltralightItalic.otf in Resources */ = {isa = PBXBuildFile; fileRef = BD25D7582440C342002A03BF /* SF-Pro-Display-UltralightItalic.otf */; };
		BD25D78C2440C344002A03BF /* SFUIDisplay-Semibold.ttf in Resources */ = {isa = PBXBuildFile; fileRef = BD25D7592440C342002A03BF /* SFUIDisplay-Semibold.ttf */; };
		BD25D78D2440C344002A03BF /* SF-Pro-Display-MediumItalic.otf in Resources */ = {isa = PBXBuildFile; fileRef = BD25D75A2440C342002A03BF /* SF-Pro-Display-MediumItalic.otf */; };
		BD25D78E2440C344002A03BF /* SF-Pro-Display-SemiboldItalic.otf in Resources */ = {isa = PBXBuildFile; fileRef = BD25D75B2440C342002A03BF /* SF-Pro-Display-SemiboldItalic.otf */; };
		BD25D78F2440C344002A03BF /* SF-Pro-Display-Heavy.otf in Resources */ = {isa = PBXBuildFile; fileRef = BD25D75C2440C342002A03BF /* SF-Pro-Display-Heavy.otf */; };
		BD25D7902440C344002A03BF /* SF-Pro-Text-Bold.otf in Resources */ = {isa = PBXBuildFile; fileRef = BD25D75D2440C342002A03BF /* SF-Pro-Text-Bold.otf */; };
		BD25D7912440C344002A03BF /* SFUIText-Bold.ttf in Resources */ = {isa = PBXBuildFile; fileRef = BD25D75E2440C342002A03BF /* SFUIText-Bold.ttf */; };
		BD25D7922440C344002A03BF /* SF-Pro-Text-BoldItalic.otf in Resources */ = {isa = PBXBuildFile; fileRef = BD25D75F2440C342002A03BF /* SF-Pro-Text-BoldItalic.otf */; };
		BD25D7932440C344002A03BF /* SF-Pro-Display-Ultralight.otf in Resources */ = {isa = PBXBuildFile; fileRef = BD25D7602440C342002A03BF /* SF-Pro-Display-Ultralight.otf */; };
		BD25D7942440C344002A03BF /* SF-Pro-Display-LightItalic.otf in Resources */ = {isa = PBXBuildFile; fileRef = BD25D7612440C342002A03BF /* SF-Pro-Display-LightItalic.otf */; };
		BD25D7952440C344002A03BF /* SF-Pro-Display-RegularItalic.otf in Resources */ = {isa = PBXBuildFile; fileRef = BD25D7622440C342002A03BF /* SF-Pro-Display-RegularItalic.otf */; };
		BD25D7962440C344002A03BF /* SFUIText-Regular.ttf in Resources */ = {isa = PBXBuildFile; fileRef = BD25D7632440C342002A03BF /* SFUIText-Regular.ttf */; };
		BD25D7972440C344002A03BF /* SFUIText-LightItalic.ttf in Resources */ = {isa = PBXBuildFile; fileRef = BD25D7642440C342002A03BF /* SFUIText-LightItalic.ttf */; };
		BD25D7982440C344002A03BF /* SFUIDisplay-Black.ttf in Resources */ = {isa = PBXBuildFile; fileRef = BD25D7652440C342002A03BF /* SFUIDisplay-Black.ttf */; };
		BD25D7992440C344002A03BF /* SF-Pro-Display-Regular.otf in Resources */ = {isa = PBXBuildFile; fileRef = BD25D7662440C342002A03BF /* SF-Pro-Display-Regular.otf */; };
		BD25D79A2440C344002A03BF /* SFUIText-Light.ttf in Resources */ = {isa = PBXBuildFile; fileRef = BD25D7672440C342002A03BF /* SFUIText-Light.ttf */; };
		BD25D79B2440C344002A03BF /* SF-Pro-Text-Light.otf in Resources */ = {isa = PBXBuildFile; fileRef = BD25D7682440C343002A03BF /* SF-Pro-Text-Light.otf */; };
		BD25D79C2440C344002A03BF /* SF-Pro-Text-MediumItalic.otf in Resources */ = {isa = PBXBuildFile; fileRef = BD25D7692440C343002A03BF /* SF-Pro-Text-MediumItalic.otf */; };
		BD25D79D2440C344002A03BF /* SF-Pro-Display-BlackItalic.otf in Resources */ = {isa = PBXBuildFile; fileRef = BD25D76A2440C343002A03BF /* SF-Pro-Display-BlackItalic.otf */; };
		BD25D79E2440C344002A03BF /* SF-Pro-Display-HeavyItalic.otf in Resources */ = {isa = PBXBuildFile; fileRef = BD25D76B2440C343002A03BF /* SF-Pro-Display-HeavyItalic.otf */; };
		BD25D79F2440C344002A03BF /* SF-Pro-Text-Regular.otf in Resources */ = {isa = PBXBuildFile; fileRef = BD25D76C2440C343002A03BF /* SF-Pro-Text-Regular.otf */; };
		BD25D7A02440C344002A03BF /* SF-Pro-Text-HeavyItalic.otf in Resources */ = {isa = PBXBuildFile; fileRef = BD25D76D2440C343002A03BF /* SF-Pro-Text-HeavyItalic.otf */; };
		BD25D7A12440C344002A03BF /* SFUIDisplay-Bold.ttf in Resources */ = {isa = PBXBuildFile; fileRef = BD25D76E2440C343002A03BF /* SFUIDisplay-Bold.ttf */; };
		BD25D7A22440C344002A03BF /* SF-Pro-Text-LightItalic.otf in Resources */ = {isa = PBXBuildFile; fileRef = BD25D76F2440C343002A03BF /* SF-Pro-Text-LightItalic.otf */; };
		BD25D7A32440C344002A03BF /* SFUIDisplay-Heavy.ttf in Resources */ = {isa = PBXBuildFile; fileRef = BD25D7702440C343002A03BF /* SFUIDisplay-Heavy.ttf */; };
		BD25D7A42440C344002A03BF /* SFUIDisplay-Thin.ttf in Resources */ = {isa = PBXBuildFile; fileRef = BD25D7712440C343002A03BF /* SFUIDisplay-Thin.ttf */; };
		BD25D7A52440C344002A03BF /* SF-Pro-Text-Heavy.otf in Resources */ = {isa = PBXBuildFile; fileRef = BD25D7722440C343002A03BF /* SF-Pro-Text-Heavy.otf */; };
		BD25D7A62440C344002A03BF /* SF-Pro-Text-Semibold.otf in Resources */ = {isa = PBXBuildFile; fileRef = BD25D7732440C343002A03BF /* SF-Pro-Text-Semibold.otf */; };
		BD25D7A72440C344002A03BF /* SFUIText-RegularItalic.ttf in Resources */ = {isa = PBXBuildFile; fileRef = BD25D7742440C343002A03BF /* SFUIText-RegularItalic.ttf */; };
		BD25D7A82440C344002A03BF /* SF-Pro-Display-Semibold.otf in Resources */ = {isa = PBXBuildFile; fileRef = BD25D7752440C343002A03BF /* SF-Pro-Display-Semibold.otf */; };
		BD25D7A92440C344002A03BF /* SF-Pro-Display-ThinItalic.otf in Resources */ = {isa = PBXBuildFile; fileRef = BD25D7762440C343002A03BF /* SF-Pro-Display-ThinItalic.otf */; };
		BD25D7AA2440C344002A03BF /* SF-Pro-Display-Light.otf in Resources */ = {isa = PBXBuildFile; fileRef = BD25D7772440C343002A03BF /* SF-Pro-Display-Light.otf */; };
		BD25D7AB2440C344002A03BF /* SF-Pro-Display-Black.otf in Resources */ = {isa = PBXBuildFile; fileRef = BD25D7782440C343002A03BF /* SF-Pro-Display-Black.otf */; };
		BD25D7AC2440C344002A03BF /* SFUIText-MediumItalic.ttf in Resources */ = {isa = PBXBuildFile; fileRef = BD25D7792440C343002A03BF /* SFUIText-MediumItalic.ttf */; };
		BD25D7AD2440C344002A03BF /* SF-Pro-Display-Bold.otf in Resources */ = {isa = PBXBuildFile; fileRef = BD25D77A2440C343002A03BF /* SF-Pro-Display-Bold.otf */; };
		BD25D7AE2440C344002A03BF /* SF-Pro-Display-Thin.otf in Resources */ = {isa = PBXBuildFile; fileRef = BD25D77B2440C343002A03BF /* SF-Pro-Display-Thin.otf */; };
		BD25D7AF2440C344002A03BF /* SFUIText-SemiboldItalic.ttf in Resources */ = {isa = PBXBuildFile; fileRef = BD25D77C2440C343002A03BF /* SFUIText-SemiboldItalic.ttf */; };
		BD25D7B02440C344002A03BF /* SF-Pro-Text-RegularItalic.otf in Resources */ = {isa = PBXBuildFile; fileRef = BD25D77D2440C343002A03BF /* SF-Pro-Text-RegularItalic.otf */; };
		BD25D7B12440C344002A03BF /* SF-Pro-Display-BoldItalic.otf in Resources */ = {isa = PBXBuildFile; fileRef = BD25D77E2440C343002A03BF /* SF-Pro-Display-BoldItalic.otf */; };
		BD25D7B22440C344002A03BF /* SFUIDisplay-Medium.ttf in Resources */ = {isa = PBXBuildFile; fileRef = BD25D77F2440C343002A03BF /* SFUIDisplay-Medium.ttf */; };
		BD25D7B32440C344002A03BF /* SFUIText-Heavy.ttf in Resources */ = {isa = PBXBuildFile; fileRef = BD25D7802440C343002A03BF /* SFUIText-Heavy.ttf */; };
		BD25D7B42440C344002A03BF /* SFUIText-BoldItalic.ttf in Resources */ = {isa = PBXBuildFile; fileRef = BD25D7812440C343002A03BF /* SFUIText-BoldItalic.ttf */; };
		BD25D7B52440C344002A03BF /* SFUIText-HeavyItalic.ttf in Resources */ = {isa = PBXBuildFile; fileRef = BD25D7822440C343002A03BF /* SFUIText-HeavyItalic.ttf */; };
		BD25D7B62440C344002A03BF /* SF-Pro-Display-Medium.otf in Resources */ = {isa = PBXBuildFile; fileRef = BD25D7832440C343002A03BF /* SF-Pro-Display-Medium.otf */; };
		BD25D7B72440C344002A03BF /* SF-Pro-Text-Medium.otf in Resources */ = {isa = PBXBuildFile; fileRef = BD25D7842440C344002A03BF /* SF-Pro-Text-Medium.otf */; };
		BD25D7B82440C344002A03BF /* SF-Pro-Text-SemiboldItalic.otf in Resources */ = {isa = PBXBuildFile; fileRef = BD25D7852440C344002A03BF /* SF-Pro-Text-SemiboldItalic.otf */; };
		BD29747A2452005300DBBF9E /* GoldenMeme.swift in Sources */ = {isa = PBXBuildFile; fileRef = BD2974792452005300DBBF9E /* GoldenMeme.swift */; };
		BD29747C24534BF000DBBF9E /* ActiveUser.swift in Sources */ = {isa = PBXBuildFile; fileRef = BD29747B24534BF000DBBF9E /* ActiveUser.swift */; };
		BD29747E245505E000DBBF9E /* PartnerMatches.swift in Sources */ = {isa = PBXBuildFile; fileRef = BD29747D245505E000DBBF9E /* PartnerMatches.swift */; };
		BD4888D224B90C3F001DEA7C /* KeychainItem.swift in Sources */ = {isa = PBXBuildFile; fileRef = BD4888CF24B90ADF001DEA7C /* KeychainItem.swift */; };
		BD4888D424C4F58A001DEA7C /* GroupViewController.swift in Sources */ = {isa = PBXBuildFile; fileRef = BD4888D324C4F58A001DEA7C /* GroupViewController.swift */; };
		BD4888DD24C650F1001DEA7C /* CollectionViewController.swift in Sources */ = {isa = PBXBuildFile; fileRef = BD4888DB24C63454001DEA7C /* CollectionViewController.swift */; };
		BD4888DF24C8AE54001DEA7C /* Group.swift in Sources */ = {isa = PBXBuildFile; fileRef = BD4888DE24C8AE54001DEA7C /* Group.swift */; };
		BD4888E124CA41D7001DEA7C /* Email.swift in Sources */ = {isa = PBXBuildFile; fileRef = BD4888E024CA41D7001DEA7C /* Email.swift */; };
		BD4888E324CF9928001DEA7C /* UserSub.swift in Sources */ = {isa = PBXBuildFile; fileRef = BD4888E224CF9928001DEA7C /* UserSub.swift */; };
		BD4888E524D37A90001DEA7C /* Caption.swift in Sources */ = {isa = PBXBuildFile; fileRef = BD4888E424D37A90001DEA7C /* Caption.swift */; };
		BD4921FC2468C541004F8408 /* Launch Screen.storyboard in Resources */ = {isa = PBXBuildFile; fileRef = BD4921FB2468C541004F8408 /* Launch Screen.storyboard */; };
		BD4B85412442410D00C67E09 /* TextField.swift in Sources */ = {isa = PBXBuildFile; fileRef = BD4B85402442410D00C67E09 /* TextField.swift */; };
		BD57D62624955289005C73E3 /* FacebookCore in Frameworks */ = {isa = PBXBuildFile; productRef = BD57D62524955289005C73E3 /* FacebookCore */; };
		BD57D62824955289005C73E3 /* FacebookLogin in Frameworks */ = {isa = PBXBuildFile; productRef = BD57D62724955289005C73E3 /* FacebookLogin */; };
		BD767C4424328CE200A813C7 /* CognitoConfig.plist in Resources */ = {isa = PBXBuildFile; fileRef = BD767C4324328CE200A813C7 /* CognitoConfig.plist */; };
		BD8DB8AC2466009F0066E055 /* AWSAuthCore.framework in Frameworks */ = {isa = PBXBuildFile; fileRef = BD8DB8AB2466009F0066E055 /* AWSAuthCore.framework */; };
		BD8DB8AE246600AA0066E055 /* AWSCore.framework in Frameworks */ = {isa = PBXBuildFile; fileRef = BD8DB8AD246600AA0066E055 /* AWSCore.framework */; };
		BD8DB8B0246600B50066E055 /* AWSMobileClient.framework in Frameworks */ = {isa = PBXBuildFile; fileRef = BD8DB8AF246600B50066E055 /* AWSMobileClient.framework */; };
		BD902EF4242D31C000D26FD7 /* Main.storyboard in Resources */ = {isa = PBXBuildFile; fileRef = BD902EF3242D31C000D26FD7 /* Main.storyboard */; };
		BD9D8F9124674946008AC0FE /* AWSPinpoint.framework in Frameworks */ = {isa = PBXBuildFile; fileRef = BD9D8F9024674946008AC0FE /* AWSPinpoint.framework */; };
		BDA6FD502433CEFC00D5BDD5 /* LoginViewController.swift in Sources */ = {isa = PBXBuildFile; fileRef = BDA6FD4F2433CEFC00D5BDD5 /* LoginViewController.swift */; };
		BDA6FD522433F35500D5BDD5 /* CognitoConfig.swift in Sources */ = {isa = PBXBuildFile; fileRef = BDA6FD512433F35500D5BDD5 /* CognitoConfig.swift */; };
		BDA9B85224B27CFA0019FD54 /* TopSources.swift in Sources */ = {isa = PBXBuildFile; fileRef = BDA9B85124B27CFA0019FD54 /* TopSources.swift */; };
		BDCC9F8224674F0A004BB8F5 /* Amplify.framework in Frameworks */ = {isa = PBXBuildFile; fileRef = BDCC9F8124674F0A004BB8F5 /* Amplify.framework */; };
		BDCC9F8424674F10004BB8F5 /* AmplifyPlugins.framework in Frameworks */ = {isa = PBXBuildFile; fileRef = BDCC9F8324674F10004BB8F5 /* AmplifyPlugins.framework */; };
		BDCC9F8624675048004BB8F5 /* amplifyconfiguration.json in Resources */ = {isa = PBXBuildFile; fileRef = BDCC9F8524675048004BB8F5 /* amplifyconfiguration.json */; };
		BDCD5C45243BC7BC00B95DAD /* awsconfiguration.json in Resources */ = {isa = PBXBuildFile; fileRef = BDCD5C44243BC7BC00B95DAD /* awsconfiguration.json */; };
		BDCD5C47243BD62E00B95DAD /* Meme.swift in Sources */ = {isa = PBXBuildFile; fileRef = BDCD5C46243BD62E00B95DAD /* Meme.swift */; };
		BDE7EA2C2448DCA3008A603B /* GetAWSObjectURL.swift in Sources */ = {isa = PBXBuildFile; fileRef = BDE7EA2B2448DCA3008A603B /* GetAWSObjectURL.swift */; };
		BDE7EA2E244A45EB008A603B /* VideoPlayerView.swift in Sources */ = {isa = PBXBuildFile; fileRef = BDE7EA2D244A45EB008A603B /* VideoPlayerView.swift */; };
		BDE7EA30244B5CDD008A603B /* gif.swift in Sources */ = {isa = PBXBuildFile; fileRef = BDE7EA2F244B5CDD008A603B /* gif.swift */; };
		BDE7EA32244D267B008A603B /* CustomSlider.swift in Sources */ = {isa = PBXBuildFile; fileRef = BDE7EA31244D267B008A603B /* CustomSlider.swift */; };
		BDFD177A248DD644005CCC6B /* SceneDelegate.swift in Sources */ = {isa = PBXBuildFile; fileRef = BDFD1779248DD644005CCC6B /* SceneDelegate.swift */; };
/* End PBXBuildFile section */

/* Begin PBXFileReference section */
		4295998933C734AC4B5F2EC3 /* Pods-memedex.release.xcconfig */ = {isa = PBXFileReference; includeInIndex = 1; lastKnownFileType = text.xcconfig; name = "Pods-memedex.release.xcconfig"; path = "Target Support Files/Pods-memedex/Pods-memedex.release.xcconfig"; sourceTree = "<group>"; };
		58E6254CF7366FE89AC4939C /* Pods_memedex.framework */ = {isa = PBXFileReference; explicitFileType = wrapper.framework; includeInIndex = 0; path = Pods_memedex.framework; sourceTree = BUILT_PRODUCTS_DIR; };
		B40209945FCA4EEE493EDF00 /* Pods-memedex.debug.xcconfig */ = {isa = PBXFileReference; includeInIndex = 1; lastKnownFileType = text.xcconfig; name = "Pods-memedex.debug.xcconfig"; path = "Target Support Files/Pods-memedex/Pods-memedex.debug.xcconfig"; sourceTree = "<group>"; };
		BD13220E24785DC1007EB9AF /* URL4Meme.swift */ = {isa = PBXFileReference; lastKnownFileType = sourcecode.swift; path = URL4Meme.swift; sourceTree = "<group>"; };
		BD132210247DDEE2007EB9AF /* SignUpViewController.swift */ = {isa = PBXFileReference; lastKnownFileType = sourcecode.swift; path = SignUpViewController.swift; sourceTree = "<group>"; };
		BD13221224818FEA007EB9AF /* ImageZoomView.swift */ = {isa = PBXFileReference; lastKnownFileType = sourcecode.swift; path = ImageZoomView.swift; sourceTree = "<group>"; };
		BD220CDD23F4B25800D93CBE /* memedex.app */ = {isa = PBXFileReference; explicitFileType = wrapper.application; includeInIndex = 0; path = memedex.app; sourceTree = BUILT_PRODUCTS_DIR; };
		BD220CE023F4B25800D93CBE /* AppDelegate.swift */ = {isa = PBXFileReference; lastKnownFileType = sourcecode.swift; path = AppDelegate.swift; sourceTree = "<group>"; };
		BD220CE523F4B25800D93CBE /* memedex.xcdatamodel */ = {isa = PBXFileReference; lastKnownFileType = wrapper.xcdatamodel; path = memedex.xcdatamodel; sourceTree = "<group>"; };
		BD220CE923F4B25A00D93CBE /* Assets.xcassets */ = {isa = PBXFileReference; lastKnownFileType = folder.assetcatalog; path = Assets.xcassets; sourceTree = "<group>"; };
		BD220CEC23F4B25A00D93CBE /* Preview Assets.xcassets */ = {isa = PBXFileReference; lastKnownFileType = folder.assetcatalog; path = "Preview Assets.xcassets"; sourceTree = "<group>"; };
		BD220CF123F4B25A00D93CBE /* Info.plist */ = {isa = PBXFileReference; lastKnownFileType = text.plist.xml; path = Info.plist; sourceTree = "<group>"; };
		BD220CF723F4B3A200D93CBE /* ViewController.swift */ = {isa = PBXFileReference; lastKnownFileType = sourcecode.swift; path = ViewController.swift; sourceTree = "<group>"; };
		BD25D750243FBDD8002A03BF /* VerificationViewController.swift */ = {isa = PBXFileReference; lastKnownFileType = sourcecode.swift; path = VerificationViewController.swift; sourceTree = "<group>"; };
		BD25D7532440C342002A03BF /* SFUIDisplay-Light.ttf */ = {isa = PBXFileReference; lastKnownFileType = file; name = "SFUIDisplay-Light.ttf"; path = "../../../../../../Library/Fonts/SFUIDisplay-Light.ttf"; sourceTree = "<group>"; };
		BD25D7542440C342002A03BF /* SFUIDisplay-Ultralight.ttf */ = {isa = PBXFileReference; lastKnownFileType = file; name = "SFUIDisplay-Ultralight.ttf"; path = "../../../../../../Library/Fonts/SFUIDisplay-Ultralight.ttf"; sourceTree = "<group>"; };
		BD25D7552440C342002A03BF /* SFUIText-Medium.ttf */ = {isa = PBXFileReference; lastKnownFileType = file; name = "SFUIText-Medium.ttf"; path = "../../../../../../Library/Fonts/SFUIText-Medium.ttf"; sourceTree = "<group>"; };
		BD25D7562440C342002A03BF /* SFUIDisplay-Regular.ttf */ = {isa = PBXFileReference; lastKnownFileType = file; name = "SFUIDisplay-Regular.ttf"; path = "../../../../../../Library/Fonts/SFUIDisplay-Regular.ttf"; sourceTree = "<group>"; };
		BD25D7572440C342002A03BF /* SFUIText-Semibold.ttf */ = {isa = PBXFileReference; lastKnownFileType = file; name = "SFUIText-Semibold.ttf"; path = "../../../../../../Library/Fonts/SFUIText-Semibold.ttf"; sourceTree = "<group>"; };
		BD25D7582440C342002A03BF /* SF-Pro-Display-UltralightItalic.otf */ = {isa = PBXFileReference; lastKnownFileType = file; name = "SF-Pro-Display-UltralightItalic.otf"; path = "../../../../../../Library/Fonts/SF-Pro-Display-UltralightItalic.otf"; sourceTree = "<group>"; };
		BD25D7592440C342002A03BF /* SFUIDisplay-Semibold.ttf */ = {isa = PBXFileReference; lastKnownFileType = file; name = "SFUIDisplay-Semibold.ttf"; path = "../../../../../../Library/Fonts/SFUIDisplay-Semibold.ttf"; sourceTree = "<group>"; };
		BD25D75A2440C342002A03BF /* SF-Pro-Display-MediumItalic.otf */ = {isa = PBXFileReference; lastKnownFileType = file; name = "SF-Pro-Display-MediumItalic.otf"; path = "../../../../../../Library/Fonts/SF-Pro-Display-MediumItalic.otf"; sourceTree = "<group>"; };
		BD25D75B2440C342002A03BF /* SF-Pro-Display-SemiboldItalic.otf */ = {isa = PBXFileReference; lastKnownFileType = file; name = "SF-Pro-Display-SemiboldItalic.otf"; path = "../../../../../../Library/Fonts/SF-Pro-Display-SemiboldItalic.otf"; sourceTree = "<group>"; };
		BD25D75C2440C342002A03BF /* SF-Pro-Display-Heavy.otf */ = {isa = PBXFileReference; lastKnownFileType = file; name = "SF-Pro-Display-Heavy.otf"; path = "../../../../../../Library/Fonts/SF-Pro-Display-Heavy.otf"; sourceTree = "<group>"; };
		BD25D75D2440C342002A03BF /* SF-Pro-Text-Bold.otf */ = {isa = PBXFileReference; lastKnownFileType = file; name = "SF-Pro-Text-Bold.otf"; path = "../../../../../../Library/Fonts/SF-Pro-Text-Bold.otf"; sourceTree = "<group>"; };
		BD25D75E2440C342002A03BF /* SFUIText-Bold.ttf */ = {isa = PBXFileReference; lastKnownFileType = file; name = "SFUIText-Bold.ttf"; path = "../../../../../../Library/Fonts/SFUIText-Bold.ttf"; sourceTree = "<group>"; };
		BD25D75F2440C342002A03BF /* SF-Pro-Text-BoldItalic.otf */ = {isa = PBXFileReference; lastKnownFileType = file; name = "SF-Pro-Text-BoldItalic.otf"; path = "../../../../../../Library/Fonts/SF-Pro-Text-BoldItalic.otf"; sourceTree = "<group>"; };
		BD25D7602440C342002A03BF /* SF-Pro-Display-Ultralight.otf */ = {isa = PBXFileReference; lastKnownFileType = file; name = "SF-Pro-Display-Ultralight.otf"; path = "../../../../../../Library/Fonts/SF-Pro-Display-Ultralight.otf"; sourceTree = "<group>"; };
		BD25D7612440C342002A03BF /* SF-Pro-Display-LightItalic.otf */ = {isa = PBXFileReference; lastKnownFileType = file; name = "SF-Pro-Display-LightItalic.otf"; path = "../../../../../../Library/Fonts/SF-Pro-Display-LightItalic.otf"; sourceTree = "<group>"; };
		BD25D7622440C342002A03BF /* SF-Pro-Display-RegularItalic.otf */ = {isa = PBXFileReference; lastKnownFileType = file; name = "SF-Pro-Display-RegularItalic.otf"; path = "../../../../../../Library/Fonts/SF-Pro-Display-RegularItalic.otf"; sourceTree = "<group>"; };
		BD25D7632440C342002A03BF /* SFUIText-Regular.ttf */ = {isa = PBXFileReference; lastKnownFileType = file; name = "SFUIText-Regular.ttf"; path = "../../../../../../Library/Fonts/SFUIText-Regular.ttf"; sourceTree = "<group>"; };
		BD25D7642440C342002A03BF /* SFUIText-LightItalic.ttf */ = {isa = PBXFileReference; lastKnownFileType = file; name = "SFUIText-LightItalic.ttf"; path = "../../../../../../Library/Fonts/SFUIText-LightItalic.ttf"; sourceTree = "<group>"; };
		BD25D7652440C342002A03BF /* SFUIDisplay-Black.ttf */ = {isa = PBXFileReference; lastKnownFileType = file; name = "SFUIDisplay-Black.ttf"; path = "../../../../../../Library/Fonts/SFUIDisplay-Black.ttf"; sourceTree = "<group>"; };
		BD25D7662440C342002A03BF /* SF-Pro-Display-Regular.otf */ = {isa = PBXFileReference; lastKnownFileType = file; name = "SF-Pro-Display-Regular.otf"; path = "../../../../../../Library/Fonts/SF-Pro-Display-Regular.otf"; sourceTree = "<group>"; };
		BD25D7672440C342002A03BF /* SFUIText-Light.ttf */ = {isa = PBXFileReference; lastKnownFileType = file; name = "SFUIText-Light.ttf"; path = "../../../../../../Library/Fonts/SFUIText-Light.ttf"; sourceTree = "<group>"; };
		BD25D7682440C343002A03BF /* SF-Pro-Text-Light.otf */ = {isa = PBXFileReference; lastKnownFileType = file; name = "SF-Pro-Text-Light.otf"; path = "../../../../../../Library/Fonts/SF-Pro-Text-Light.otf"; sourceTree = "<group>"; };
		BD25D7692440C343002A03BF /* SF-Pro-Text-MediumItalic.otf */ = {isa = PBXFileReference; lastKnownFileType = file; name = "SF-Pro-Text-MediumItalic.otf"; path = "../../../../../../Library/Fonts/SF-Pro-Text-MediumItalic.otf"; sourceTree = "<group>"; };
		BD25D76A2440C343002A03BF /* SF-Pro-Display-BlackItalic.otf */ = {isa = PBXFileReference; lastKnownFileType = file; name = "SF-Pro-Display-BlackItalic.otf"; path = "../../../../../../Library/Fonts/SF-Pro-Display-BlackItalic.otf"; sourceTree = "<group>"; };
		BD25D76B2440C343002A03BF /* SF-Pro-Display-HeavyItalic.otf */ = {isa = PBXFileReference; lastKnownFileType = file; name = "SF-Pro-Display-HeavyItalic.otf"; path = "../../../../../../Library/Fonts/SF-Pro-Display-HeavyItalic.otf"; sourceTree = "<group>"; };
		BD25D76C2440C343002A03BF /* SF-Pro-Text-Regular.otf */ = {isa = PBXFileReference; lastKnownFileType = file; name = "SF-Pro-Text-Regular.otf"; path = "../../../../../../Library/Fonts/SF-Pro-Text-Regular.otf"; sourceTree = "<group>"; };
		BD25D76D2440C343002A03BF /* SF-Pro-Text-HeavyItalic.otf */ = {isa = PBXFileReference; lastKnownFileType = file; name = "SF-Pro-Text-HeavyItalic.otf"; path = "../../../../../../Library/Fonts/SF-Pro-Text-HeavyItalic.otf"; sourceTree = "<group>"; };
		BD25D76E2440C343002A03BF /* SFUIDisplay-Bold.ttf */ = {isa = PBXFileReference; lastKnownFileType = file; name = "SFUIDisplay-Bold.ttf"; path = "../../../../../../Library/Fonts/SFUIDisplay-Bold.ttf"; sourceTree = "<group>"; };
		BD25D76F2440C343002A03BF /* SF-Pro-Text-LightItalic.otf */ = {isa = PBXFileReference; lastKnownFileType = file; name = "SF-Pro-Text-LightItalic.otf"; path = "../../../../../../Library/Fonts/SF-Pro-Text-LightItalic.otf"; sourceTree = "<group>"; };
		BD25D7702440C343002A03BF /* SFUIDisplay-Heavy.ttf */ = {isa = PBXFileReference; lastKnownFileType = file; name = "SFUIDisplay-Heavy.ttf"; path = "../../../../../../Library/Fonts/SFUIDisplay-Heavy.ttf"; sourceTree = "<group>"; };
		BD25D7712440C343002A03BF /* SFUIDisplay-Thin.ttf */ = {isa = PBXFileReference; lastKnownFileType = file; name = "SFUIDisplay-Thin.ttf"; path = "../../../../../../Library/Fonts/SFUIDisplay-Thin.ttf"; sourceTree = "<group>"; };
		BD25D7722440C343002A03BF /* SF-Pro-Text-Heavy.otf */ = {isa = PBXFileReference; lastKnownFileType = file; name = "SF-Pro-Text-Heavy.otf"; path = "../../../../../../Library/Fonts/SF-Pro-Text-Heavy.otf"; sourceTree = "<group>"; };
		BD25D7732440C343002A03BF /* SF-Pro-Text-Semibold.otf */ = {isa = PBXFileReference; lastKnownFileType = file; name = "SF-Pro-Text-Semibold.otf"; path = "../../../../../../Library/Fonts/SF-Pro-Text-Semibold.otf"; sourceTree = "<group>"; };
		BD25D7742440C343002A03BF /* SFUIText-RegularItalic.ttf */ = {isa = PBXFileReference; lastKnownFileType = file; name = "SFUIText-RegularItalic.ttf"; path = "../../../../../../Library/Fonts/SFUIText-RegularItalic.ttf"; sourceTree = "<group>"; };
		BD25D7752440C343002A03BF /* SF-Pro-Display-Semibold.otf */ = {isa = PBXFileReference; lastKnownFileType = file; name = "SF-Pro-Display-Semibold.otf"; path = "../../../../../../Library/Fonts/SF-Pro-Display-Semibold.otf"; sourceTree = "<group>"; };
		BD25D7762440C343002A03BF /* SF-Pro-Display-ThinItalic.otf */ = {isa = PBXFileReference; lastKnownFileType = file; name = "SF-Pro-Display-ThinItalic.otf"; path = "../../../../../../Library/Fonts/SF-Pro-Display-ThinItalic.otf"; sourceTree = "<group>"; };
		BD25D7772440C343002A03BF /* SF-Pro-Display-Light.otf */ = {isa = PBXFileReference; lastKnownFileType = file; name = "SF-Pro-Display-Light.otf"; path = "../../../../../../Library/Fonts/SF-Pro-Display-Light.otf"; sourceTree = "<group>"; };
		BD25D7782440C343002A03BF /* SF-Pro-Display-Black.otf */ = {isa = PBXFileReference; lastKnownFileType = file; name = "SF-Pro-Display-Black.otf"; path = "../../../../../../Library/Fonts/SF-Pro-Display-Black.otf"; sourceTree = "<group>"; };
		BD25D7792440C343002A03BF /* SFUIText-MediumItalic.ttf */ = {isa = PBXFileReference; lastKnownFileType = file; name = "SFUIText-MediumItalic.ttf"; path = "../../../../../../Library/Fonts/SFUIText-MediumItalic.ttf"; sourceTree = "<group>"; };
		BD25D77A2440C343002A03BF /* SF-Pro-Display-Bold.otf */ = {isa = PBXFileReference; lastKnownFileType = file; name = "SF-Pro-Display-Bold.otf"; path = "../../../../../../Library/Fonts/SF-Pro-Display-Bold.otf"; sourceTree = "<group>"; };
		BD25D77B2440C343002A03BF /* SF-Pro-Display-Thin.otf */ = {isa = PBXFileReference; lastKnownFileType = file; name = "SF-Pro-Display-Thin.otf"; path = "../../../../../../Library/Fonts/SF-Pro-Display-Thin.otf"; sourceTree = "<group>"; };
		BD25D77C2440C343002A03BF /* SFUIText-SemiboldItalic.ttf */ = {isa = PBXFileReference; lastKnownFileType = file; name = "SFUIText-SemiboldItalic.ttf"; path = "../../../../../../Library/Fonts/SFUIText-SemiboldItalic.ttf"; sourceTree = "<group>"; };
		BD25D77D2440C343002A03BF /* SF-Pro-Text-RegularItalic.otf */ = {isa = PBXFileReference; lastKnownFileType = file; name = "SF-Pro-Text-RegularItalic.otf"; path = "../../../../../../Library/Fonts/SF-Pro-Text-RegularItalic.otf"; sourceTree = "<group>"; };
		BD25D77E2440C343002A03BF /* SF-Pro-Display-BoldItalic.otf */ = {isa = PBXFileReference; lastKnownFileType = file; name = "SF-Pro-Display-BoldItalic.otf"; path = "../../../../../../Library/Fonts/SF-Pro-Display-BoldItalic.otf"; sourceTree = "<group>"; };
		BD25D77F2440C343002A03BF /* SFUIDisplay-Medium.ttf */ = {isa = PBXFileReference; lastKnownFileType = file; name = "SFUIDisplay-Medium.ttf"; path = "../../../../../../Library/Fonts/SFUIDisplay-Medium.ttf"; sourceTree = "<group>"; };
		BD25D7802440C343002A03BF /* SFUIText-Heavy.ttf */ = {isa = PBXFileReference; lastKnownFileType = file; name = "SFUIText-Heavy.ttf"; path = "../../../../../../Library/Fonts/SFUIText-Heavy.ttf"; sourceTree = "<group>"; };
		BD25D7812440C343002A03BF /* SFUIText-BoldItalic.ttf */ = {isa = PBXFileReference; lastKnownFileType = file; name = "SFUIText-BoldItalic.ttf"; path = "../../../../../../Library/Fonts/SFUIText-BoldItalic.ttf"; sourceTree = "<group>"; };
		BD25D7822440C343002A03BF /* SFUIText-HeavyItalic.ttf */ = {isa = PBXFileReference; lastKnownFileType = file; name = "SFUIText-HeavyItalic.ttf"; path = "../../../../../../Library/Fonts/SFUIText-HeavyItalic.ttf"; sourceTree = "<group>"; };
		BD25D7832440C343002A03BF /* SF-Pro-Display-Medium.otf */ = {isa = PBXFileReference; lastKnownFileType = file; name = "SF-Pro-Display-Medium.otf"; path = "../../../../../../Library/Fonts/SF-Pro-Display-Medium.otf"; sourceTree = "<group>"; };
		BD25D7842440C344002A03BF /* SF-Pro-Text-Medium.otf */ = {isa = PBXFileReference; lastKnownFileType = file; name = "SF-Pro-Text-Medium.otf"; path = "../../../../../../Library/Fonts/SF-Pro-Text-Medium.otf"; sourceTree = "<group>"; };
		BD25D7852440C344002A03BF /* SF-Pro-Text-SemiboldItalic.otf */ = {isa = PBXFileReference; lastKnownFileType = file; name = "SF-Pro-Text-SemiboldItalic.otf"; path = "../../../../../../Library/Fonts/SF-Pro-Text-SemiboldItalic.otf"; sourceTree = "<group>"; };
		BD2974792452005300DBBF9E /* GoldenMeme.swift */ = {isa = PBXFileReference; lastKnownFileType = sourcecode.swift; path = GoldenMeme.swift; sourceTree = "<group>"; };
		BD29747B24534BF000DBBF9E /* ActiveUser.swift */ = {isa = PBXFileReference; lastKnownFileType = sourcecode.swift; path = ActiveUser.swift; sourceTree = "<group>"; };
		BD29747D245505E000DBBF9E /* PartnerMatches.swift */ = {isa = PBXFileReference; lastKnownFileType = sourcecode.swift; path = PartnerMatches.swift; sourceTree = "<group>"; };
		BD4888CF24B90ADF001DEA7C /* KeychainItem.swift */ = {isa = PBXFileReference; fileEncoding = 4; lastKnownFileType = sourcecode.swift; path = KeychainItem.swift; sourceTree = "<group>"; };
		BD4888D124B90C04001DEA7C /* memedex.entitlements */ = {isa = PBXFileReference; lastKnownFileType = text.plist.entitlements; path = memedex.entitlements; sourceTree = "<group>"; };
		BD4888D324C4F58A001DEA7C /* GroupViewController.swift */ = {isa = PBXFileReference; lastKnownFileType = sourcecode.swift; path = GroupViewController.swift; sourceTree = "<group>"; };
		BD4888DB24C63454001DEA7C /* CollectionViewController.swift */ = {isa = PBXFileReference; lastKnownFileType = sourcecode.swift; path = CollectionViewController.swift; sourceTree = "<group>"; wrapsLines = 0; };
		BD4888DE24C8AE54001DEA7C /* Group.swift */ = {isa = PBXFileReference; lastKnownFileType = sourcecode.swift; path = Group.swift; sourceTree = "<group>"; };
		BD4888E024CA41D7001DEA7C /* Email.swift */ = {isa = PBXFileReference; lastKnownFileType = sourcecode.swift; path = Email.swift; sourceTree = "<group>"; };
		BD4888E224CF9928001DEA7C /* UserSub.swift */ = {isa = PBXFileReference; lastKnownFileType = sourcecode.swift; path = UserSub.swift; sourceTree = "<group>"; };
		BD4888E424D37A90001DEA7C /* Caption.swift */ = {isa = PBXFileReference; lastKnownFileType = sourcecode.swift; path = Caption.swift; sourceTree = "<group>"; };
		BD4921FB2468C541004F8408 /* Launch Screen.storyboard */ = {isa = PBXFileReference; lastKnownFileType = file.storyboard; path = "Launch Screen.storyboard"; sourceTree = "<group>"; };
		BD4B85402442410D00C67E09 /* TextField.swift */ = {isa = PBXFileReference; lastKnownFileType = sourcecode.swift; path = TextField.swift; sourceTree = "<group>"; };
		BD767C4324328CE200A813C7 /* CognitoConfig.plist */ = {isa = PBXFileReference; lastKnownFileType = text.plist.xml; path = CognitoConfig.plist; sourceTree = "<group>"; };
		BD8DB8AB2466009F0066E055 /* AWSAuthCore.framework */ = {isa = PBXFileReference; explicitFileType = wrapper.framework; path = AWSAuthCore.framework; sourceTree = BUILT_PRODUCTS_DIR; };
		BD8DB8AD246600AA0066E055 /* AWSCore.framework */ = {isa = PBXFileReference; explicitFileType = wrapper.framework; path = AWSCore.framework; sourceTree = BUILT_PRODUCTS_DIR; };
		BD8DB8AF246600B50066E055 /* AWSMobileClient.framework */ = {isa = PBXFileReference; explicitFileType = wrapper.framework; path = AWSMobileClient.framework; sourceTree = BUILT_PRODUCTS_DIR; };
		BD902EF3242D31C000D26FD7 /* Main.storyboard */ = {isa = PBXFileReference; lastKnownFileType = file.storyboard; path = Main.storyboard; sourceTree = "<group>"; };
		BD9D8F9024674946008AC0FE /* AWSPinpoint.framework */ = {isa = PBXFileReference; explicitFileType = wrapper.framework; path = AWSPinpoint.framework; sourceTree = BUILT_PRODUCTS_DIR; };
		BDA6FD4F2433CEFC00D5BDD5 /* LoginViewController.swift */ = {isa = PBXFileReference; lastKnownFileType = sourcecode.swift; path = LoginViewController.swift; sourceTree = "<group>"; };
		BDA6FD512433F35500D5BDD5 /* CognitoConfig.swift */ = {isa = PBXFileReference; lastKnownFileType = sourcecode.swift; path = CognitoConfig.swift; sourceTree = "<group>"; };
		BDA9B85124B27CFA0019FD54 /* TopSources.swift */ = {isa = PBXFileReference; lastKnownFileType = sourcecode.swift; path = TopSources.swift; sourceTree = "<group>"; };
		BDCC9F8124674F0A004BB8F5 /* Amplify.framework */ = {isa = PBXFileReference; explicitFileType = wrapper.framework; path = Amplify.framework; sourceTree = BUILT_PRODUCTS_DIR; };
		BDCC9F8324674F10004BB8F5 /* AmplifyPlugins.framework */ = {isa = PBXFileReference; explicitFileType = wrapper.framework; path = AmplifyPlugins.framework; sourceTree = BUILT_PRODUCTS_DIR; };
		BDCC9F8524675048004BB8F5 /* amplifyconfiguration.json */ = {isa = PBXFileReference; fileEncoding = 4; lastKnownFileType = text.json; path = amplifyconfiguration.json; sourceTree = "<group>"; };
		BDCD5C44243BC7BC00B95DAD /* awsconfiguration.json */ = {isa = PBXFileReference; fileEncoding = 4; lastKnownFileType = text.json; name = awsconfiguration.json; path = memedex/awsconfiguration.json; sourceTree = "<group>"; };
		BDCD5C46243BD62E00B95DAD /* Meme.swift */ = {isa = PBXFileReference; lastKnownFileType = sourcecode.swift; path = Meme.swift; sourceTree = "<group>"; };
		BDE7EA2B2448DCA3008A603B /* GetAWSObjectURL.swift */ = {isa = PBXFileReference; lastKnownFileType = sourcecode.swift; path = GetAWSObjectURL.swift; sourceTree = "<group>"; };
		BDE7EA2D244A45EB008A603B /* VideoPlayerView.swift */ = {isa = PBXFileReference; lastKnownFileType = sourcecode.swift; path = VideoPlayerView.swift; sourceTree = "<group>"; };
		BDE7EA2F244B5CDD008A603B /* gif.swift */ = {isa = PBXFileReference; lastKnownFileType = sourcecode.swift; path = gif.swift; sourceTree = "<group>"; };
		BDE7EA31244D267B008A603B /* CustomSlider.swift */ = {isa = PBXFileReference; lastKnownFileType = sourcecode.swift; path = CustomSlider.swift; sourceTree = "<group>"; };
		BDFD1779248DD644005CCC6B /* SceneDelegate.swift */ = {isa = PBXFileReference; lastKnownFileType = sourcecode.swift; path = SceneDelegate.swift; sourceTree = "<group>"; };
/* End PBXFileReference section */

/* Begin PBXFrameworksBuildPhase section */
		BD220CDA23F4B25800D93CBE /* Frameworks */ = {
			isa = PBXFrameworksBuildPhase;
			buildActionMask = 2147483647;
			files = (
				BDCC9F8424674F10004BB8F5 /* AmplifyPlugins.framework in Frameworks */,
				BDCC9F8224674F0A004BB8F5 /* Amplify.framework in Frameworks */,
				BD9D8F9124674946008AC0FE /* AWSPinpoint.framework in Frameworks */,
				BD8DB8B0246600B50066E055 /* AWSMobileClient.framework in Frameworks */,
				BD8DB8AE246600AA0066E055 /* AWSCore.framework in Frameworks */,
				BD57D62824955289005C73E3 /* FacebookLogin in Frameworks */,
				BD8DB8AC2466009F0066E055 /* AWSAuthCore.framework in Frameworks */,
				13FCC3E4357F39E49D8189C0 /* Pods_memedex.framework in Frameworks */,
				BD57D62624955289005C73E3 /* FacebookCore in Frameworks */,
			);
			runOnlyForDeploymentPostprocessing = 0;
		};
/* End PBXFrameworksBuildPhase section */

/* Begin PBXGroup section */
		0916F8DB40DB6B22E34003FA /* Frameworks */ = {
			isa = PBXGroup;
			children = (
				BDCC9F8324674F10004BB8F5 /* AmplifyPlugins.framework */,
				BDCC9F8124674F0A004BB8F5 /* Amplify.framework */,
				BD9D8F9024674946008AC0FE /* AWSPinpoint.framework */,
				BD8DB8AF246600B50066E055 /* AWSMobileClient.framework */,
				BD8DB8AD246600AA0066E055 /* AWSCore.framework */,
				BD8DB8AB2466009F0066E055 /* AWSAuthCore.framework */,
				58E6254CF7366FE89AC4939C /* Pods_memedex.framework */,
			);
			name = Frameworks;
			sourceTree = "<group>";
		};
		ACFD9F9ECA74F9E7DCC89A8F /* Pods */ = {
			isa = PBXGroup;
			children = (
				B40209945FCA4EEE493EDF00 /* Pods-memedex.debug.xcconfig */,
				4295998933C734AC4B5F2EC3 /* Pods-memedex.release.xcconfig */,
			);
			path = Pods;
			sourceTree = "<group>";
		};
		BD220CD423F4B25800D93CBE = {
			isa = PBXGroup;
			children = (
				BDCD5C44243BC7BC00B95DAD /* awsconfiguration.json */,
				BDCC9F8524675048004BB8F5 /* amplifyconfiguration.json */,
				BD220CDF23F4B25800D93CBE /* memedex */,
				BD220CDE23F4B25800D93CBE /* Products */,
				0916F8DB40DB6B22E34003FA /* Frameworks */,
				ACFD9F9ECA74F9E7DCC89A8F /* Pods */,
			);
			sourceTree = "<group>";
		};
		BD220CDE23F4B25800D93CBE /* Products */ = {
			isa = PBXGroup;
			children = (
				BD220CDD23F4B25800D93CBE /* memedex.app */,
			);
			name = Products;
			sourceTree = "<group>";
		};
		BD220CDF23F4B25800D93CBE /* memedex */ = {
			isa = PBXGroup;
			children = (
				BD4888D124B90C04001DEA7C /* memedex.entitlements */,
				BD25D7522440C2FD002A03BF /* Fonts */,
				BD220CE023F4B25800D93CBE /* AppDelegate.swift */,
				BD4888CF24B90ADF001DEA7C /* KeychainItem.swift */,
				BD220CE923F4B25A00D93CBE /* Assets.xcassets */,
				BD220CF723F4B3A200D93CBE /* ViewController.swift */,
				BD4888DB24C63454001DEA7C /* CollectionViewController.swift */,
				BD4888D324C4F58A001DEA7C /* GroupViewController.swift */,
				BD220CF123F4B25A00D93CBE /* Info.plist */,
				BD220CE423F4B25800D93CBE /* memedex.xcdatamodeld */,
				BD220CEB23F4B25A00D93CBE /* Preview Content */,
				BD902EF3242D31C000D26FD7 /* Main.storyboard */,
				BD767C4324328CE200A813C7 /* CognitoConfig.plist */,
				BDA6FD4F2433CEFC00D5BDD5 /* LoginViewController.swift */,
				BDA6FD512433F35500D5BDD5 /* CognitoConfig.swift */,
				BDCD5C46243BD62E00B95DAD /* Meme.swift */,
				BD25D750243FBDD8002A03BF /* VerificationViewController.swift */,
				BD4B85402442410D00C67E09 /* TextField.swift */,
				BDE7EA2B2448DCA3008A603B /* GetAWSObjectURL.swift */,
				BDE7EA2D244A45EB008A603B /* VideoPlayerView.swift */,
				BDE7EA2F244B5CDD008A603B /* gif.swift */,
				BDE7EA31244D267B008A603B /* CustomSlider.swift */,
				BD2974792452005300DBBF9E /* GoldenMeme.swift */,
				BD29747B24534BF000DBBF9E /* ActiveUser.swift */,
				BD4888DE24C8AE54001DEA7C /* Group.swift */,
				BD4888E424D37A90001DEA7C /* Caption.swift */,
				BD4888E224CF9928001DEA7C /* UserSub.swift */,
				BD4888E024CA41D7001DEA7C /* Email.swift */,
				BD29747D245505E000DBBF9E /* PartnerMatches.swift */,
				BD4921FB2468C541004F8408 /* Launch Screen.storyboard */,
				BD13220E24785DC1007EB9AF /* URL4Meme.swift */,
				BDA9B85124B27CFA0019FD54 /* TopSources.swift */,
				BD132210247DDEE2007EB9AF /* SignUpViewController.swift */,
				BD13221224818FEA007EB9AF /* ImageZoomView.swift */,
				BDFD1779248DD644005CCC6B /* SceneDelegate.swift */,
			);
			path = memedex;
			sourceTree = "<group>";
		};
		BD220CEB23F4B25A00D93CBE /* Preview Content */ = {
			isa = PBXGroup;
			children = (
				BD220CEC23F4B25A00D93CBE /* Preview Assets.xcassets */,
			);
			path = "Preview Content";
			sourceTree = "<group>";
		};
		BD25D7522440C2FD002A03BF /* Fonts */ = {
			isa = PBXGroup;
			children = (
				BD25D7782440C343002A03BF /* SF-Pro-Display-Black.otf */,
				BD25D76A2440C343002A03BF /* SF-Pro-Display-BlackItalic.otf */,
				BD25D77A2440C343002A03BF /* SF-Pro-Display-Bold.otf */,
				BD25D77E2440C343002A03BF /* SF-Pro-Display-BoldItalic.otf */,
				BD25D75C2440C342002A03BF /* SF-Pro-Display-Heavy.otf */,
				BD25D76B2440C343002A03BF /* SF-Pro-Display-HeavyItalic.otf */,
				BD25D7772440C343002A03BF /* SF-Pro-Display-Light.otf */,
				BD25D7612440C342002A03BF /* SF-Pro-Display-LightItalic.otf */,
				BD25D7832440C343002A03BF /* SF-Pro-Display-Medium.otf */,
				BD25D75A2440C342002A03BF /* SF-Pro-Display-MediumItalic.otf */,
				BD25D7662440C342002A03BF /* SF-Pro-Display-Regular.otf */,
				BD25D7622440C342002A03BF /* SF-Pro-Display-RegularItalic.otf */,
				BD25D7752440C343002A03BF /* SF-Pro-Display-Semibold.otf */,
				BD25D75B2440C342002A03BF /* SF-Pro-Display-SemiboldItalic.otf */,
				BD25D77B2440C343002A03BF /* SF-Pro-Display-Thin.otf */,
				BD25D7762440C343002A03BF /* SF-Pro-Display-ThinItalic.otf */,
				BD25D7602440C342002A03BF /* SF-Pro-Display-Ultralight.otf */,
				BD25D7582440C342002A03BF /* SF-Pro-Display-UltralightItalic.otf */,
				BD25D75D2440C342002A03BF /* SF-Pro-Text-Bold.otf */,
				BD25D75F2440C342002A03BF /* SF-Pro-Text-BoldItalic.otf */,
				BD25D7722440C343002A03BF /* SF-Pro-Text-Heavy.otf */,
				BD25D76D2440C343002A03BF /* SF-Pro-Text-HeavyItalic.otf */,
				BD25D7682440C343002A03BF /* SF-Pro-Text-Light.otf */,
				BD25D76F2440C343002A03BF /* SF-Pro-Text-LightItalic.otf */,
				BD25D7842440C344002A03BF /* SF-Pro-Text-Medium.otf */,
				BD25D7692440C343002A03BF /* SF-Pro-Text-MediumItalic.otf */,
				BD25D76C2440C343002A03BF /* SF-Pro-Text-Regular.otf */,
				BD25D77D2440C343002A03BF /* SF-Pro-Text-RegularItalic.otf */,
				BD25D7732440C343002A03BF /* SF-Pro-Text-Semibold.otf */,
				BD25D7852440C344002A03BF /* SF-Pro-Text-SemiboldItalic.otf */,
				BD25D7652440C342002A03BF /* SFUIDisplay-Black.ttf */,
				BD25D76E2440C343002A03BF /* SFUIDisplay-Bold.ttf */,
				BD25D7702440C343002A03BF /* SFUIDisplay-Heavy.ttf */,
				BD25D7532440C342002A03BF /* SFUIDisplay-Light.ttf */,
				BD25D77F2440C343002A03BF /* SFUIDisplay-Medium.ttf */,
				BD25D7562440C342002A03BF /* SFUIDisplay-Regular.ttf */,
				BD25D7592440C342002A03BF /* SFUIDisplay-Semibold.ttf */,
				BD25D7712440C343002A03BF /* SFUIDisplay-Thin.ttf */,
				BD25D7542440C342002A03BF /* SFUIDisplay-Ultralight.ttf */,
				BD25D75E2440C342002A03BF /* SFUIText-Bold.ttf */,
				BD25D7812440C343002A03BF /* SFUIText-BoldItalic.ttf */,
				BD25D7802440C343002A03BF /* SFUIText-Heavy.ttf */,
				BD25D7822440C343002A03BF /* SFUIText-HeavyItalic.ttf */,
				BD25D7672440C342002A03BF /* SFUIText-Light.ttf */,
				BD25D7642440C342002A03BF /* SFUIText-LightItalic.ttf */,
				BD25D7552440C342002A03BF /* SFUIText-Medium.ttf */,
				BD25D7792440C343002A03BF /* SFUIText-MediumItalic.ttf */,
				BD25D7632440C342002A03BF /* SFUIText-Regular.ttf */,
				BD25D7742440C343002A03BF /* SFUIText-RegularItalic.ttf */,
				BD25D7572440C342002A03BF /* SFUIText-Semibold.ttf */,
				BD25D77C2440C343002A03BF /* SFUIText-SemiboldItalic.ttf */,
			);
			path = Fonts;
			sourceTree = "<group>";
		};
/* End PBXGroup section */

/* Begin PBXNativeTarget section */
		BD220CDC23F4B25800D93CBE /* memedex */ = {
			isa = PBXNativeTarget;
			buildConfigurationList = BD220CF423F4B25A00D93CBE /* Build configuration list for PBXNativeTarget "memedex" */;
			buildPhases = (
				FE804C97EDB5AF469A767E9D /* [CP] Check Pods Manifest.lock */,
				BD5D443B249D1D9E00A80266 /* Run Amplify Tools */,
				BD220CD923F4B25800D93CBE /* Sources */,
				BD220CDA23F4B25800D93CBE /* Frameworks */,
				BD220CDB23F4B25800D93CBE /* Resources */,
				2CB99DFF1EE7F5B6F83E7321 /* [CP] Embed Pods Frameworks */,
			);
			buildRules = (
			);
			dependencies = (
			);
			name = memedex;
			packageProductDependencies = (
				BD57D62524955289005C73E3 /* FacebookCore */,
				BD57D62724955289005C73E3 /* FacebookLogin */,
			);
			productName = memedex;
			productReference = BD220CDD23F4B25800D93CBE /* memedex.app */;
			productType = "com.apple.product-type.application";
		};
/* End PBXNativeTarget section */

/* Begin PBXProject section */
		BD220CD523F4B25800D93CBE /* Project object */ = {
			isa = PBXProject;
			attributes = {
				LastSwiftUpdateCheck = 1120;
				LastUpgradeCheck = 1120;
				ORGANIZATIONNAME = solomon;
				TargetAttributes = {
					BD220CDC23F4B25800D93CBE = {
						CreatedOnToolsVersion = 11.2.1;
					};
				};
			};
			buildConfigurationList = BD220CD823F4B25800D93CBE /* Build configuration list for PBXProject "memedex" */;
			compatibilityVersion = "Xcode 9.3";
			developmentRegion = en;
			hasScannedForEncodings = 0;
			knownRegions = (
				en,
				Base,
			);
			mainGroup = BD220CD423F4B25800D93CBE;
			packageReferences = (
				BD57D62424955289005C73E3 /* XCRemoteSwiftPackageReference "facebook-ios-sdk" */,
			);
			productRefGroup = BD220CDE23F4B25800D93CBE /* Products */;
			projectDirPath = "";
			projectRoot = "";
			targets = (
				BD220CDC23F4B25800D93CBE /* memedex */,
			);
		};
/* End PBXProject section */

/* Begin PBXResourcesBuildPhase section */
		BD220CDB23F4B25800D93CBE /* Resources */ = {
			isa = PBXResourcesBuildPhase;
			buildActionMask = 2147483647;
			files = (
				BD25D78E2440C344002A03BF /* SF-Pro-Display-SemiboldItalic.otf in Resources */,
				BDCD5C45243BC7BC00B95DAD /* awsconfiguration.json in Resources */,
				BD25D7952440C344002A03BF /* SF-Pro-Display-RegularItalic.otf in Resources */,
				BD25D7942440C344002A03BF /* SF-Pro-Display-LightItalic.otf in Resources */,
				BD25D7A32440C344002A03BF /* SFUIDisplay-Heavy.ttf in Resources */,
				BD25D7902440C344002A03BF /* SF-Pro-Text-Bold.otf in Resources */,
				BD25D79A2440C344002A03BF /* SFUIText-Light.ttf in Resources */,
				BD25D78C2440C344002A03BF /* SFUIDisplay-Semibold.ttf in Resources */,
				BD25D7882440C344002A03BF /* SFUIText-Medium.ttf in Resources */,
				BD25D79C2440C344002A03BF /* SF-Pro-Text-MediumItalic.otf in Resources */,
				BD25D7972440C344002A03BF /* SFUIText-LightItalic.ttf in Resources */,
				BD25D7AD2440C344002A03BF /* SF-Pro-Display-Bold.otf in Resources */,
				BD25D7AE2440C344002A03BF /* SF-Pro-Display-Thin.otf in Resources */,
				BD25D7992440C344002A03BF /* SF-Pro-Display-Regular.otf in Resources */,
				BD25D7AB2440C344002A03BF /* SF-Pro-Display-Black.otf in Resources */,
				BD25D7962440C344002A03BF /* SFUIText-Regular.ttf in Resources */,
				BD25D7A42440C344002A03BF /* SFUIDisplay-Thin.ttf in Resources */,
				BD25D7862440C344002A03BF /* SFUIDisplay-Light.ttf in Resources */,
				BD25D7932440C344002A03BF /* SF-Pro-Display-Ultralight.otf in Resources */,
				BD902EF4242D31C000D26FD7 /* Main.storyboard in Resources */,
				BD25D79B2440C344002A03BF /* SF-Pro-Text-Light.otf in Resources */,
				BD25D7B52440C344002A03BF /* SFUIText-HeavyItalic.ttf in Resources */,
				BD25D7892440C344002A03BF /* SFUIDisplay-Regular.ttf in Resources */,
				BD25D7912440C344002A03BF /* SFUIText-Bold.ttf in Resources */,
				BD25D7B62440C344002A03BF /* SF-Pro-Display-Medium.otf in Resources */,
				BD25D7A62440C344002A03BF /* SF-Pro-Text-Semibold.otf in Resources */,
				BD25D78D2440C344002A03BF /* SF-Pro-Display-MediumItalic.otf in Resources */,
				BD25D79E2440C344002A03BF /* SF-Pro-Display-HeavyItalic.otf in Resources */,
				BDCC9F8624675048004BB8F5 /* amplifyconfiguration.json in Resources */,
				BD25D7A52440C344002A03BF /* SF-Pro-Text-Heavy.otf in Resources */,
				BD25D78A2440C344002A03BF /* SFUIText-Semibold.ttf in Resources */,
				BD25D7982440C344002A03BF /* SFUIDisplay-Black.ttf in Resources */,
				BD220CED23F4B25A00D93CBE /* Preview Assets.xcassets in Resources */,
				BD25D7B82440C344002A03BF /* SF-Pro-Text-SemiboldItalic.otf in Resources */,
				BD25D78B2440C344002A03BF /* SF-Pro-Display-UltralightItalic.otf in Resources */,
				BD25D7AA2440C344002A03BF /* SF-Pro-Display-Light.otf in Resources */,
				BD25D78F2440C344002A03BF /* SF-Pro-Display-Heavy.otf in Resources */,
				BD25D7872440C344002A03BF /* SFUIDisplay-Ultralight.ttf in Resources */,
				BD25D7B02440C344002A03BF /* SF-Pro-Text-RegularItalic.otf in Resources */,
				BD25D7B42440C344002A03BF /* SFUIText-BoldItalic.ttf in Resources */,
				BD25D7B72440C344002A03BF /* SF-Pro-Text-Medium.otf in Resources */,
				BD25D7AF2440C344002A03BF /* SFUIText-SemiboldItalic.ttf in Resources */,
				BD25D7A92440C344002A03BF /* SF-Pro-Display-ThinItalic.otf in Resources */,
				BD25D7B12440C344002A03BF /* SF-Pro-Display-BoldItalic.otf in Resources */,
				BD25D79F2440C344002A03BF /* SF-Pro-Text-Regular.otf in Resources */,
				BD25D7A72440C344002A03BF /* SFUIText-RegularItalic.ttf in Resources */,
				BD25D7A82440C344002A03BF /* SF-Pro-Display-Semibold.otf in Resources */,
				BD25D7A02440C344002A03BF /* SF-Pro-Text-HeavyItalic.otf in Resources */,
				BD767C4424328CE200A813C7 /* CognitoConfig.plist in Resources */,
				BD25D7A12440C344002A03BF /* SFUIDisplay-Bold.ttf in Resources */,
				BD25D7B32440C344002A03BF /* SFUIText-Heavy.ttf in Resources */,
				BD25D7A22440C344002A03BF /* SF-Pro-Text-LightItalic.otf in Resources */,
				BD25D79D2440C344002A03BF /* SF-Pro-Display-BlackItalic.otf in Resources */,
				BD25D7AC2440C344002A03BF /* SFUIText-MediumItalic.ttf in Resources */,
				BD4921FC2468C541004F8408 /* Launch Screen.storyboard in Resources */,
				BD25D7B22440C344002A03BF /* SFUIDisplay-Medium.ttf in Resources */,
				BD25D7922440C344002A03BF /* SF-Pro-Text-BoldItalic.otf in Resources */,
				BD220CEA23F4B25A00D93CBE /* Assets.xcassets in Resources */,
			);
			runOnlyForDeploymentPostprocessing = 0;
		};
/* End PBXResourcesBuildPhase section */

/* Begin PBXShellScriptBuildPhase section */
		2CB99DFF1EE7F5B6F83E7321 /* [CP] Embed Pods Frameworks */ = {
			isa = PBXShellScriptBuildPhase;
			buildActionMask = 2147483647;
			files = (
			);
			inputFileListPaths = (
				"${PODS_ROOT}/Target Support Files/Pods-memedex/Pods-memedex-frameworks-${CONFIGURATION}-input-files.xcfilelist",
			);
			name = "[CP] Embed Pods Frameworks";
			outputFileListPaths = (
				"${PODS_ROOT}/Target Support Files/Pods-memedex/Pods-memedex-frameworks-${CONFIGURATION}-output-files.xcfilelist",
			);
			runOnlyForDeploymentPostprocessing = 0;
			shellPath = /bin/sh;
			shellScript = "\"${PODS_ROOT}/Target Support Files/Pods-memedex/Pods-memedex-frameworks.sh\"\n";
			showEnvVarsInLog = 0;
		};
		BD5D443B249D1D9E00A80266 /* Run Amplify Tools */ = {
			isa = PBXShellScriptBuildPhase;
			buildActionMask = 2147483647;
			files = (
			);
			inputFileListPaths = (
			);
			inputPaths = (
			);
			name = "Run Amplify Tools";
			outputFileListPaths = (
			);
			outputPaths = (
			);
			runOnlyForDeploymentPostprocessing = 0;
			shellPath = /bin/sh;
			shellScript = "\"${PODS_ROOT}/AmplifyTools/amplify-tools.sh\"\n";
		};
		FE804C97EDB5AF469A767E9D /* [CP] Check Pods Manifest.lock */ = {
			isa = PBXShellScriptBuildPhase;
			buildActionMask = 2147483647;
			files = (
			);
			inputFileListPaths = (
			);
			inputPaths = (
				"${PODS_PODFILE_DIR_PATH}/Podfile.lock",
				"${PODS_ROOT}/Manifest.lock",
			);
			name = "[CP] Check Pods Manifest.lock";
			outputFileListPaths = (
			);
			outputPaths = (
				"$(DERIVED_FILE_DIR)/Pods-memedex-checkManifestLockResult.txt",
			);
			runOnlyForDeploymentPostprocessing = 0;
			shellPath = /bin/sh;
			shellScript = "diff \"${PODS_PODFILE_DIR_PATH}/Podfile.lock\" \"${PODS_ROOT}/Manifest.lock\" > /dev/null\nif [ $? != 0 ] ; then\n    # print error to STDERR\n    echo \"error: The sandbox is not in sync with the Podfile.lock. Run 'pod install' or update your CocoaPods installation.\" >&2\n    exit 1\nfi\n# This output is used by Xcode 'outputs' to avoid re-running this script phase.\necho \"SUCCESS\" > \"${SCRIPT_OUTPUT_FILE_0}\"\n";
			showEnvVarsInLog = 0;
		};
/* End PBXShellScriptBuildPhase section */

/* Begin PBXSourcesBuildPhase section */
		BD220CD923F4B25800D93CBE /* Sources */ = {
			isa = PBXSourcesBuildPhase;
			buildActionMask = 2147483647;
			files = (
				BD4888DD24C650F1001DEA7C /* CollectionViewController.swift in Sources */,
				BD29747E245505E000DBBF9E /* PartnerMatches.swift in Sources */,
				BD4888E524D37A90001DEA7C /* Caption.swift in Sources */,
				BDA6FD502433CEFC00D5BDD5 /* LoginViewController.swift in Sources */,
				BD4888DF24C8AE54001DEA7C /* Group.swift in Sources */,
				BDA6FD522433F35500D5BDD5 /* CognitoConfig.swift in Sources */,
				BDE7EA30244B5CDD008A603B /* gif.swift in Sources */,
				BD220CF823F4B3A200D93CBE /* ViewController.swift in Sources */,
				BD4B85412442410D00C67E09 /* TextField.swift in Sources */,
				BD132211247DDEE2007EB9AF /* SignUpViewController.swift in Sources */,
				BD29747C24534BF000DBBF9E /* ActiveUser.swift in Sources */,
				BD13221324818FEA007EB9AF /* ImageZoomView.swift in Sources */,
				BDE7EA2C2448DCA3008A603B /* GetAWSObjectURL.swift in Sources */,
				BDCD5C47243BD62E00B95DAD /* Meme.swift in Sources */,
				BD13220F24785DC1007EB9AF /* URL4Meme.swift in Sources */,
				BDE7EA32244D267B008A603B /* CustomSlider.swift in Sources */,
				BD29747A2452005300DBBF9E /* GoldenMeme.swift in Sources */,
				BD4888E124CA41D7001DEA7C /* Email.swift in Sources */,
				BD4888E324CF9928001DEA7C /* UserSub.swift in Sources */,
				BD4888D424C4F58A001DEA7C /* GroupViewController.swift in Sources */,
				BD220CE123F4B25800D93CBE /* AppDelegate.swift in Sources */,
				BDA9B85224B27CFA0019FD54 /* TopSources.swift in Sources */,
				BD4888D224B90C3F001DEA7C /* KeychainItem.swift in Sources */,
				BDFD177A248DD644005CCC6B /* SceneDelegate.swift in Sources */,
				BD25D751243FBDD8002A03BF /* VerificationViewController.swift in Sources */,
				BD220CE623F4B25800D93CBE /* memedex.xcdatamodeld in Sources */,
				BDE7EA2E244A45EB008A603B /* VideoPlayerView.swift in Sources */,
			);
			runOnlyForDeploymentPostprocessing = 0;
		};
/* End PBXSourcesBuildPhase section */

/* Begin XCBuildConfiguration section */
		BD220CF223F4B25A00D93CBE /* Debug */ = {
			isa = XCBuildConfiguration;
			buildSettings = {
				ALWAYS_SEARCH_USER_PATHS = NO;
				CLANG_ANALYZER_NONNULL = YES;
				CLANG_ANALYZER_NUMBER_OBJECT_CONVERSION = YES_AGGRESSIVE;
				CLANG_CXX_LANGUAGE_STANDARD = "gnu++14";
				CLANG_CXX_LIBRARY = "libc++";
				CLANG_ENABLE_MODULES = YES;
				CLANG_ENABLE_OBJC_ARC = YES;
				CLANG_ENABLE_OBJC_WEAK = YES;
				CLANG_WARN_BLOCK_CAPTURE_AUTORELEASING = YES;
				CLANG_WARN_BOOL_CONVERSION = YES;
				CLANG_WARN_COMMA = YES;
				CLANG_WARN_CONSTANT_CONVERSION = YES;
				CLANG_WARN_DEPRECATED_OBJC_IMPLEMENTATIONS = YES;
				CLANG_WARN_DIRECT_OBJC_ISA_USAGE = YES_ERROR;
				CLANG_WARN_DOCUMENTATION_COMMENTS = YES;
				CLANG_WARN_EMPTY_BODY = YES;
				CLANG_WARN_ENUM_CONVERSION = YES;
				CLANG_WARN_INFINITE_RECURSION = YES;
				CLANG_WARN_INT_CONVERSION = YES;
				CLANG_WARN_NON_LITERAL_NULL_CONVERSION = YES;
				CLANG_WARN_OBJC_IMPLICIT_RETAIN_SELF = YES;
				CLANG_WARN_OBJC_LITERAL_CONVERSION = YES;
				CLANG_WARN_OBJC_ROOT_CLASS = YES_ERROR;
				CLANG_WARN_RANGE_LOOP_ANALYSIS = YES;
				CLANG_WARN_STRICT_PROTOTYPES = YES;
				CLANG_WARN_SUSPICIOUS_MOVE = YES;
				CLANG_WARN_UNGUARDED_AVAILABILITY = YES_AGGRESSIVE;
				CLANG_WARN_UNREACHABLE_CODE = YES;
				CLANG_WARN__DUPLICATE_METHOD_MATCH = YES;
				COPY_PHASE_STRIP = NO;
				DEBUG_INFORMATION_FORMAT = dwarf;
				ENABLE_STRICT_OBJC_MSGSEND = YES;
				ENABLE_TESTABILITY = YES;
				GCC_C_LANGUAGE_STANDARD = gnu11;
				GCC_DYNAMIC_NO_PIC = NO;
				GCC_NO_COMMON_BLOCKS = YES;
				GCC_OPTIMIZATION_LEVEL = 0;
				GCC_PREPROCESSOR_DEFINITIONS = (
					"DEBUG=1",
					"$(inherited)",
				);
				GCC_WARN_64_TO_32_BIT_CONVERSION = YES;
				GCC_WARN_ABOUT_RETURN_TYPE = YES_ERROR;
				GCC_WARN_UNDECLARED_SELECTOR = YES;
				GCC_WARN_UNINITIALIZED_AUTOS = YES_AGGRESSIVE;
				GCC_WARN_UNUSED_FUNCTION = YES;
				GCC_WARN_UNUSED_VARIABLE = YES;
				IPHONEOS_DEPLOYMENT_TARGET = 13.1;
				MTL_ENABLE_DEBUG_INFO = INCLUDE_SOURCE;
				MTL_FAST_MATH = YES;
				ONLY_ACTIVE_ARCH = YES;
				SDKROOT = iphoneos;
				SWIFT_ACTIVE_COMPILATION_CONDITIONS = DEBUG;
				SWIFT_OPTIMIZATION_LEVEL = "-Onone";
			};
			name = Debug;
		};
		BD220CF323F4B25A00D93CBE /* Release */ = {
			isa = XCBuildConfiguration;
			buildSettings = {
				ALWAYS_SEARCH_USER_PATHS = NO;
				CLANG_ANALYZER_NONNULL = YES;
				CLANG_ANALYZER_NUMBER_OBJECT_CONVERSION = YES_AGGRESSIVE;
				CLANG_CXX_LANGUAGE_STANDARD = "gnu++14";
				CLANG_CXX_LIBRARY = "libc++";
				CLANG_ENABLE_MODULES = YES;
				CLANG_ENABLE_OBJC_ARC = YES;
				CLANG_ENABLE_OBJC_WEAK = YES;
				CLANG_WARN_BLOCK_CAPTURE_AUTORELEASING = YES;
				CLANG_WARN_BOOL_CONVERSION = YES;
				CLANG_WARN_COMMA = YES;
				CLANG_WARN_CONSTANT_CONVERSION = YES;
				CLANG_WARN_DEPRECATED_OBJC_IMPLEMENTATIONS = YES;
				CLANG_WARN_DIRECT_OBJC_ISA_USAGE = YES_ERROR;
				CLANG_WARN_DOCUMENTATION_COMMENTS = YES;
				CLANG_WARN_EMPTY_BODY = YES;
				CLANG_WARN_ENUM_CONVERSION = YES;
				CLANG_WARN_INFINITE_RECURSION = YES;
				CLANG_WARN_INT_CONVERSION = YES;
				CLANG_WARN_NON_LITERAL_NULL_CONVERSION = YES;
				CLANG_WARN_OBJC_IMPLICIT_RETAIN_SELF = YES;
				CLANG_WARN_OBJC_LITERAL_CONVERSION = YES;
				CLANG_WARN_OBJC_ROOT_CLASS = YES_ERROR;
				CLANG_WARN_RANGE_LOOP_ANALYSIS = YES;
				CLANG_WARN_STRICT_PROTOTYPES = YES;
				CLANG_WARN_SUSPICIOUS_MOVE = YES;
				CLANG_WARN_UNGUARDED_AVAILABILITY = YES_AGGRESSIVE;
				CLANG_WARN_UNREACHABLE_CODE = YES;
				CLANG_WARN__DUPLICATE_METHOD_MATCH = YES;
				COPY_PHASE_STRIP = NO;
				DEBUG_INFORMATION_FORMAT = "dwarf-with-dsym";
				ENABLE_NS_ASSERTIONS = NO;
				ENABLE_STRICT_OBJC_MSGSEND = YES;
				GCC_C_LANGUAGE_STANDARD = gnu11;
				GCC_NO_COMMON_BLOCKS = YES;
				GCC_WARN_64_TO_32_BIT_CONVERSION = YES;
				GCC_WARN_ABOUT_RETURN_TYPE = YES_ERROR;
				GCC_WARN_UNDECLARED_SELECTOR = YES;
				GCC_WARN_UNINITIALIZED_AUTOS = YES_AGGRESSIVE;
				GCC_WARN_UNUSED_FUNCTION = YES;
				GCC_WARN_UNUSED_VARIABLE = YES;
				IPHONEOS_DEPLOYMENT_TARGET = 13.1;
				MTL_ENABLE_DEBUG_INFO = NO;
				MTL_FAST_MATH = YES;
				SDKROOT = iphoneos;
				SWIFT_COMPILATION_MODE = wholemodule;
				SWIFT_OPTIMIZATION_LEVEL = "-O";
				VALIDATE_PRODUCT = YES;
			};
			name = Release;
		};
		BD220CF523F4B25A00D93CBE /* Debug */ = {
			isa = XCBuildConfiguration;
			baseConfigurationReference = B40209945FCA4EEE493EDF00 /* Pods-memedex.debug.xcconfig */;
			buildSettings = {
				ALWAYS_EMBED_SWIFT_STANDARD_LIBRARIES = NO;
				ASSETCATALOG_COMPILER_APPICON_NAME = AppIcon;
				CODE_SIGN_ENTITLEMENTS = memedex/memedex.entitlements;
				CODE_SIGN_STYLE = Automatic;
				CURRENT_PROJECT_VERSION = 1.9;
				DEVELOPMENT_ASSET_PATHS = "\"memedex/Preview Content\"";
				DEVELOPMENT_TEAM = 4DPF6Z8WW9;
				ENABLE_PREVIEWS = YES;
				INFOPLIST_FILE = memedex/Info.plist;
				LD_RUNPATH_SEARCH_PATHS = (
					"$(inherited)",
					"@executable_path/Frameworks",
				);
				MARKETING_VERSION = 1.9;
				PRODUCT_BUNDLE_IDENTIFIER = solomon.memedex;
				PRODUCT_NAME = "$(TARGET_NAME)";
				SWIFT_VERSION = 5.0;
				TARGETED_DEVICE_FAMILY = "1,2";
			};
			name = Debug;
		};
		BD220CF623F4B25A00D93CBE /* Release */ = {
			isa = XCBuildConfiguration;
			baseConfigurationReference = 4295998933C734AC4B5F2EC3 /* Pods-memedex.release.xcconfig */;
			buildSettings = {
				ALWAYS_EMBED_SWIFT_STANDARD_LIBRARIES = NO;
				ASSETCATALOG_COMPILER_APPICON_NAME = AppIcon;
				CODE_SIGN_ENTITLEMENTS = memedex/memedex.entitlements;
				CODE_SIGN_STYLE = Automatic;
				CURRENT_PROJECT_VERSION = 1.9;
				DEVELOPMENT_ASSET_PATHS = "\"memedex/Preview Content\"";
				DEVELOPMENT_TEAM = 4DPF6Z8WW9;
				ENABLE_PREVIEWS = YES;
				INFOPLIST_FILE = memedex/Info.plist;
				LD_RUNPATH_SEARCH_PATHS = (
					"$(inherited)",
					"@executable_path/Frameworks",
				);
				MARKETING_VERSION = 1.9;
				PRODUCT_BUNDLE_IDENTIFIER = solomon.memedex;
				PRODUCT_NAME = "$(TARGET_NAME)";
				SWIFT_VERSION = 5.0;
				TARGETED_DEVICE_FAMILY = "1,2";
			};
			name = Release;
		};
/* End XCBuildConfiguration section */

/* Begin XCConfigurationList section */
		BD220CD823F4B25800D93CBE /* Build configuration list for PBXProject "memedex" */ = {
			isa = XCConfigurationList;
			buildConfigurations = (
				BD220CF223F4B25A00D93CBE /* Debug */,
				BD220CF323F4B25A00D93CBE /* Release */,
			);
			defaultConfigurationIsVisible = 0;
			defaultConfigurationName = Release;
		};
		BD220CF423F4B25A00D93CBE /* Build configuration list for PBXNativeTarget "memedex" */ = {
			isa = XCConfigurationList;
			buildConfigurations = (
				BD220CF523F4B25A00D93CBE /* Debug */,
				BD220CF623F4B25A00D93CBE /* Release */,
			);
			defaultConfigurationIsVisible = 0;
			defaultConfigurationName = Release;
		};
/* End XCConfigurationList section */

/* Begin XCRemoteSwiftPackageReference section */
		BD57D62424955289005C73E3 /* XCRemoteSwiftPackageReference "facebook-ios-sdk" */ = {
			isa = XCRemoteSwiftPackageReference;
			repositoryURL = "https://github.com/facebook/facebook-ios-sdk";
			requirement = {
				kind = upToNextMajorVersion;
				minimumVersion = 7.0.1;
			};
		};
/* End XCRemoteSwiftPackageReference section */

/* Begin XCSwiftPackageProductDependency section */
		BD57D62524955289005C73E3 /* FacebookCore */ = {
			isa = XCSwiftPackageProductDependency;
			package = BD57D62424955289005C73E3 /* XCRemoteSwiftPackageReference "facebook-ios-sdk" */;
			productName = FacebookCore;
		};
		BD57D62724955289005C73E3 /* FacebookLogin */ = {
			isa = XCSwiftPackageProductDependency;
			package = BD57D62424955289005C73E3 /* XCRemoteSwiftPackageReference "facebook-ios-sdk" */;
			productName = FacebookLogin;
		};
/* End XCSwiftPackageProductDependency section */

/* Begin XCVersionGroup section */
		BD220CE423F4B25800D93CBE /* memedex.xcdatamodeld */ = {
			isa = XCVersionGroup;
			children = (
				BD220CE523F4B25800D93CBE /* memedex.xcdatamodel */,
			);
			currentVersion = BD220CE523F4B25800D93CBE /* memedex.xcdatamodel */;
			path = memedex.xcdatamodeld;
			sourceTree = "<group>";
			versionGroupType = wrapper.xcdatamodel;
		};
/* End XCVersionGroup section */
	};
	rootObject = BD220CD523F4B25800D93CBE /* Project object */;
}
